
Microsoft Visual Studio Solution File, Format Version 12.00
# Visual Studio 15
VisualStudioVersion = 15.0.28307.489
MinimumVisualStudioVersion = 10.0.40219.1
Project("{9A19103F-16F7-4668-BE54-9A1E7A4F7556}") = "Estoque", "GeToque\Estoque.csproj", "{B94DD7A8-2D1B-4ECD-88F0-687E54D56CFB}"
EndProject
Global
	GlobalSection(SolutionConfigurationPlatforms) = preSolution
		Debug|Any CPU = Debug|Any CPU
		Release|Any CPU = Release|Any CPU
	EndGlobalSection
	GlobalSection(ProjectConfigurationPlatforms) = postSolution
		{B94DD7A8-2D1B-4ECD-88F0-687E54D56CFB}.Debug|Any CPU.ActiveCfg = Debug|Any CPU
		{B94DD7A8-2D1B-4ECD-88F0-687E54D56CFB}.Debug|Any CPU.Build.0 = Debug|Any CPU
		{B94DD7A8-2D1B-4ECD-88F0-687E54D56CFB}.Release|Any CPU.ActiveCfg = Release|Any CPU
		{B94DD7A8-2D1B-4ECD-88F0-687E54D56CFB}.Release|Any CPU.Build.0 = Release|Any CPU
	EndGlobalSection
	GlobalSection(SolutionProperties) = preSolution
		HideSolutionNode = FALSE
	EndGlobalSection
	GlobalSection(ExtensibilityGlobals) = postSolution
		SolutionGuid = {30B36ED0-C305-44FE-9387-4AEA43216002}
	EndGlobalSection
EndGlobal
